
Microsoft Visual Studio Solution File, Format Version 12.00
# Visual Studio Version 16
VisualStudioVersion = 16.0.31424.327
MinimumVisualStudioVersion = 10.0.40219.1
Project("{FAE04EC0-301F-11D3-BF4B-00C04F79EFBC}") = "soma simples Uri 1003", "soma simples Uri 1003\soma simples Uri 1003.csproj", "{C483B9C2-4CF7-48DF-917F-14A33A54331B}"
EndProject
Global
	GlobalSection(SolutionConfigurationPlatforms) = preSolution
		Debug|Any CPU = Debug|Any CPU
		Release|Any CPU = Release|Any CPU
	EndGlobalSection
	GlobalSection(ProjectConfigurationPlatforms) = postSolution
		{C483B9C2-4CF7-48DF-917F-14A33A54331B}.Debug|Any CPU.ActiveCfg = Debug|Any CPU
		{C483B9C2-4CF7-48DF-917F-14A33A54331B}.Debug|Any CPU.Build.0 = Debug|Any CPU
		{C483B9C2-4CF7-48DF-917F-14A33A54331B}.Release|Any CPU.ActiveCfg = Release|Any CPU
		{C483B9C2-4CF7-48DF-917F-14A33A54331B}.Release|Any CPU.Build.0 = Release|Any CPU
	EndGlobalSection
	GlobalSection(SolutionProperties) = preSolution
		HideSolutionNode = FALSE
	EndGlobalSection
	GlobalSection(ExtensibilityGlobals) = postSolution
		SolutionGuid = {66704875-DC93-4CC7-9B5B-167973A835EB}
	EndGlobalSection
EndGlobal
